
Microsoft Visual Studio Solution File, Format Version 12.00
# Visual Studio Version 16
VisualStudioVersion = 16.0.30621.155
MinimumVisualStudioVersion = 10.0.40219.1
Project("{FAE04EC0-301F-11D3-BF4B-00C04F79EFBC}") = "AspNetWebFormsOkta", "AspNetWebFormsOkta\AspNetWebFormsOkta.csproj", "{EA99E335-14F4-4E6A-80FD-B5BEB98E6952}"
EndProject
Global
	GlobalSection(SolutionConfigurationPlatforms) = preSolution
		Debug|Any CPU = Debug|Any CPU
		Release|Any CPU = Release|Any CPU
	EndGlobalSection
	GlobalSection(ProjectConfigurationPlatforms) = postSolution
		{EA99E335-14F4-4E6A-80FD-B5BEB98E6952}.Debug|Any CPU.ActiveCfg = Debug|Any CPU
		{EA99E335-14F4-4E6A-80FD-B5BEB98E6952}.Debug|Any CPU.Build.0 = Debug|Any CPU
		{EA99E335-14F4-4E6A-80FD-B5BEB98E6952}.Release|Any CPU.ActiveCfg = Release|Any CPU
		{EA99E335-14F4-4E6A-80FD-B5BEB98E6952}.Release|Any CPU.Build.0 = Release|Any CPU
	EndGlobalSection
	GlobalSection(SolutionProperties) = preSolution
		HideSolutionNode = FALSE
	EndGlobalSection
	GlobalSection(ExtensibilityGlobals) = postSolution
		SolutionGuid = {A2EE7A72-8E57-49D1-BF2C-D94CD7742B08}
	EndGlobalSection
EndGlobal
